
Microsoft Visual Studio Solution File, Format Version 12.00
# Visual Studio Version 16
VisualStudioVersion = 16.0.30804.86
MinimumVisualStudioVersion = 10.0.40219.1
Project("{8BC9CEB8-8B4A-11D0-8D11-00A0C91BC942}") = "LibTorchBasePipeLine", "LibTorchBasePipeLine\LibTorchBasePipeLine.vcxproj", "{E0ECF93B-6D0F-4CD5-BA9B-E2FA07800907}"
EndProject
Global
	GlobalSection(SolutionConfigurationPlatforms) = preSolution
		Debug|x64 = Debug|x64
		Debug|x86 = Debug|x86
		Release|x64 = Release|x64
		Release|x86 = Release|x86
	EndGlobalSection
	GlobalSection(ProjectConfigurationPlatforms) = postSolution
		{E0ECF93B-6D0F-4CD5-BA9B-E2FA07800907}.Debug|x64.ActiveCfg = Debug|x64
		{E0ECF93B-6D0F-4CD5-BA9B-E2FA07800907}.Debug|x64.Build.0 = Debug|x64
		{E0ECF93B-6D0F-4CD5-BA9B-E2FA07800907}.Debug|x86.ActiveCfg = Debug|Win32
		{E0ECF93B-6D0F-4CD5-BA9B-E2FA07800907}.Debug|x86.Build.0 = Debug|Win32
		{E0ECF93B-6D0F-4CD5-BA9B-E2FA07800907}.Release|x64.ActiveCfg = Release|x64
		{E0ECF93B-6D0F-4CD5-BA9B-E2FA07800907}.Release|x64.Build.0 = Release|x64
		{E0ECF93B-6D0F-4CD5-BA9B-E2FA07800907}.Release|x86.ActiveCfg = Release|Win32
		{E0ECF93B-6D0F-4CD5-BA9B-E2FA07800907}.Release|x86.Build.0 = Release|Win32
	EndGlobalSection
	GlobalSection(SolutionProperties) = preSolution
		HideSolutionNode = FALSE
	EndGlobalSection
	GlobalSection(ExtensibilityGlobals) = postSolution
		SolutionGuid = {A004EC52-CBA1-445B-8B28-805B264CB89F}
	EndGlobalSection
EndGlobal
